
Microsoft Visual Studio Solution File, Format Version 12.00
# Visual Studio 15
VisualStudioVersion = 15.0.26730.12
MinimumVisualStudioVersion = 10.0.40219.1
Project("{FAE04EC0-301F-11D3-BF4B-00C04F79EFBC}") = "SignalRMvc2", "SignalRMvc2\SignalRMvc2.csproj", "{3C511EA1-6CA7-42D3-9A53-EDCE1A42796F}"
EndProject
Global
	GlobalSection(SolutionConfigurationPlatforms) = preSolution
		Debug|Any CPU = Debug|Any CPU
		Release|Any CPU = Release|Any CPU
	EndGlobalSection
	GlobalSection(ProjectConfigurationPlatforms) = postSolution
		{3C511EA1-6CA7-42D3-9A53-EDCE1A42796F}.Debug|Any CPU.ActiveCfg = Debug|Any CPU
		{3C511EA1-6CA7-42D3-9A53-EDCE1A42796F}.Debug|Any CPU.Build.0 = Debug|Any CPU
		{3C511EA1-6CA7-42D3-9A53-EDCE1A42796F}.Release|Any CPU.ActiveCfg = Release|Any CPU
		{3C511EA1-6CA7-42D3-9A53-EDCE1A42796F}.Release|Any CPU.Build.0 = Release|Any CPU
	EndGlobalSection
	GlobalSection(SolutionProperties) = preSolution
		HideSolutionNode = FALSE
	EndGlobalSection
	GlobalSection(ExtensibilityGlobals) = postSolution
		SolutionGuid = {B795C055-BC6B-4ADC-848A-5B37533AED37}
	EndGlobalSection
EndGlobal
